
Microsoft Visual Studio Solution File, Format Version 12.00
# Visual Studio 2017
Project("{FAE04EC0-301F-11D3-BF4B-00C04F79EFBC}") = "Ocean fluent", "Ocean fluent.csproj", "{59AF7BBC-CD05-A53B-454A-CB980E7E5271}"
EndProject
Project("{FAE04EC0-301F-11D3-BF4B-00C04F79EFBC}") = "Ocean fluent.Editor", "Ocean fluent.Editor.csproj", "{C75CBB99-6229-3509-B3A3-7E17A3F3E26D}"
EndProject
Global
	GlobalSection(SolutionConfigurationPlatforms) = preSolution
		Debug|Any CPU = Debug|Any CPU
		Release|Any CPU = Release|Any CPU
	EndGlobalSection
	GlobalSection(ProjectConfigurationPlatforms) = postSolution
		{59AF7BBC-CD05-A53B-454A-CB980E7E5271}.Debug|Any CPU.ActiveCfg = Debug|Any CPU
		{59AF7BBC-CD05-A53B-454A-CB980E7E5271}.Debug|Any CPU.Build.0 = Debug|Any CPU
		{59AF7BBC-CD05-A53B-454A-CB980E7E5271}.Release|Any CPU.ActiveCfg = Release|Any CPU
		{59AF7BBC-CD05-A53B-454A-CB980E7E5271}.Release|Any CPU.Build.0 = Release|Any CPU
		{C75CBB99-6229-3509-B3A3-7E17A3F3E26D}.Debug|Any CPU.ActiveCfg = Debug|Any CPU
		{C75CBB99-6229-3509-B3A3-7E17A3F3E26D}.Debug|Any CPU.Build.0 = Debug|Any CPU
		{C75CBB99-6229-3509-B3A3-7E17A3F3E26D}.Release|Any CPU.ActiveCfg = Release|Any CPU
		{C75CBB99-6229-3509-B3A3-7E17A3F3E26D}.Release|Any CPU.Build.0 = Release|Any CPU
	EndGlobalSection
	GlobalSection(SolutionProperties) = preSolution
		HideSolutionNode = FALSE
	EndGlobalSection
EndGlobal
